{
  "name": "qdrant-node-js-basic-example",
  "version": "0.0.0",
  "lockfileVersion": 3,
  "requires": true,
  "packages": {
    "": {
      "name": "qdrant-node-js-basic-example",
      "version": "0.0.0",
      "license": "Apache-2.0",
      "dependencies": {
        "@qdrant/js-client-rest": "^1.1.1"
      }
    },
    "node_modules/@qdrant/js-client-rest": {
      "version": "1.1.1",
      "resolved": "https://registry.npmjs.org/@qdrant/js-client-rest/-/js-client-rest-1.1.1.tgz",
      "integrity": "sha512-g2l0wTrWMBBciV2adx5qGoVUxa3bEWAuhcxGEK/h09IAPmJJIguYxBfXspiI+ATiRldrXH7NJXwpfewtfWCpQQ==",
      "dependencies": {
        "@sevinf/maybe": "0.5.0",
        "openapi-typescript-fetch": "github:Rendez/openapi-typescript-fetch#ea89f6480e498ec022e2f2f67f85004eb54e6f54"
      },
      "engines": {
        "node": ">=18.0.0",
        "pnpm": ">=8"
      },
      "peerDependencies": {
        "typescript": ">=4.1"
      }
    },
    "node_modules/@sevinf/maybe": {
      "version": "0.5.0",
      "resolved": "https://registry.npmjs.org/@sevinf/maybe/-/maybe-0.5.0.tgz",
      "integrity": "sha512-ARhyoYDnY1LES3vYI0fiG6e9esWfTNcXcO6+MPJJXcnyMV3bim4lnFt45VXouV7y82F4x3YH8nOQ6VztuvUiWg=="
    },
    "node_modules/openapi-typescript-fetch": {
      "version": "1.1.3",
      "resolved": "git+ssh://git@github.com/Rendez/openapi-typescript-fetch.git#ea89f6480e498ec022e2f2f67f85004eb54e6f54",
      "integrity": "sha512-TlQst3sSNFi5EJ+LuArFynj3Ke5yqbwccuB48ntXgcisdIcRfFNq4CNUTwd1gyRq8jIMfZ0PGcFFLsow6EvDHw==",
      "license": "MIT",
      "engines": {
        "node": ">= 12.0.0",
        "npm": ">= 6.0.0"
      }
    },
    "node_modules/typescript": {
      "version": "5.0.4",
      "resolved": "https://registry.npmjs.org/typescript/-/typescript-5.0.4.tgz",
      "integrity": "sha512-cW9T5W9xY37cc+jfEnaUvX91foxtHkza3Nw3wkoF4sSlKn0MONdkdEndig/qPBWXNkmplh3NzayQzCiHM4/hqw==",
      "peer": true,
      "bin": {
        "tsc": "bin/tsc",
        "tsserver": "bin/tsserver"
      },
      "engines": {
        "node": ">=12.20"
      }
    }
  }
}
